
Microsoft Visual Studio Solution File, Format Version 12.00
# Visual Studio Version 16
VisualStudioVersion = 16.0.31129.286
MinimumVisualStudioVersion = 10.0.40219.1
Project("{FAE04EC0-301F-11D3-BF4B-00C04F79EFBC}") = "SimpleSurvey.WebMVC", "SimpleSurvey.WebMVC\SimpleSurvey.WebMVC.csproj", "{2BD6823B-4517-4825-8617-2EFA5C70EE0A}"
EndProject
Project("{FAE04EC0-301F-11D3-BF4B-00C04F79EFBC}") = "SimpleSurvey.WebMVC.Tests", "SimpleSurvey.WebMVC.Tests\SimpleSurvey.WebMVC.Tests.csproj", "{F18F88B6-149C-48BA-94BC-2A2D851876BB}"
EndProject
Project("{FAE04EC0-301F-11D3-BF4B-00C04F79EFBC}") = "SimpleSurvey.Data", "SimpleSurvey.Data\SimpleSurvey.Data.csproj", "{244F9A5A-4C6E-4956-B136-EF70D206C757}"
EndProject
Project("{FAE04EC0-301F-11D3-BF4B-00C04F79EFBC}") = "SimpleSurvey.Contracts", "SimpleSurvey.Contracts\SimpleSurvey.Contracts.csproj", "{4962E92A-318A-40D5-9960-37372A01EB58}"
EndProject
Project("{FAE04EC0-301F-11D3-BF4B-00C04F79EFBC}") = "SimpleSurvey.Models", "SimpleSurvey.Models\SimpleSurvey.Models.csproj", "{679E64FA-AACE-4A32-8266-FDC20F2BD68E}"
EndProject
Project("{FAE04EC0-301F-11D3-BF4B-00C04F79EFBC}") = "SimpleSurvey.Services", "SimpleSurvey.Services\SimpleSurvey.Services.csproj", "{2E64ACBD-2BC6-422B-8B2F-C9A275DB6908}"
EndProject
Global
	GlobalSection(SolutionConfigurationPlatforms) = preSolution
		Debug|Any CPU = Debug|Any CPU
		Release|Any CPU = Release|Any CPU
	EndGlobalSection
	GlobalSection(ProjectConfigurationPlatforms) = postSolution
		{2BD6823B-4517-4825-8617-2EFA5C70EE0A}.Debug|Any CPU.ActiveCfg = Debug|Any CPU
		{2BD6823B-4517-4825-8617-2EFA5C70EE0A}.Debug|Any CPU.Build.0 = Debug|Any CPU
		{2BD6823B-4517-4825-8617-2EFA5C70EE0A}.Release|Any CPU.ActiveCfg = Release|Any CPU
		{2BD6823B-4517-4825-8617-2EFA5C70EE0A}.Release|Any CPU.Build.0 = Release|Any CPU
		{F18F88B6-149C-48BA-94BC-2A2D851876BB}.Debug|Any CPU.ActiveCfg = Debug|Any CPU
		{F18F88B6-149C-48BA-94BC-2A2D851876BB}.Debug|Any CPU.Build.0 = Debug|Any CPU
		{F18F88B6-149C-48BA-94BC-2A2D851876BB}.Release|Any CPU.ActiveCfg = Release|Any CPU
		{F18F88B6-149C-48BA-94BC-2A2D851876BB}.Release|Any CPU.Build.0 = Release|Any CPU
		{244F9A5A-4C6E-4956-B136-EF70D206C757}.Debug|Any CPU.ActiveCfg = Debug|Any CPU
		{244F9A5A-4C6E-4956-B136-EF70D206C757}.Debug|Any CPU.Build.0 = Debug|Any CPU
		{244F9A5A-4C6E-4956-B136-EF70D206C757}.Release|Any CPU.ActiveCfg = Release|Any CPU
		{244F9A5A-4C6E-4956-B136-EF70D206C757}.Release|Any CPU.Build.0 = Release|Any CPU
		{4962E92A-318A-40D5-9960-37372A01EB58}.Debug|Any CPU.ActiveCfg = Debug|Any CPU
		{4962E92A-318A-40D5-9960-37372A01EB58}.Debug|Any CPU.Build.0 = Debug|Any CPU
		{4962E92A-318A-40D5-9960-37372A01EB58}.Release|Any CPU.ActiveCfg = Release|Any CPU
		{4962E92A-318A-40D5-9960-37372A01EB58}.Release|Any CPU.Build.0 = Release|Any CPU
		{679E64FA-AACE-4A32-8266-FDC20F2BD68E}.Debug|Any CPU.ActiveCfg = Debug|Any CPU
		{679E64FA-AACE-4A32-8266-FDC20F2BD68E}.Debug|Any CPU.Build.0 = Debug|Any CPU
		{679E64FA-AACE-4A32-8266-FDC20F2BD68E}.Release|Any CPU.ActiveCfg = Release|Any CPU
		{679E64FA-AACE-4A32-8266-FDC20F2BD68E}.Release|Any CPU.Build.0 = Release|Any CPU
		{2E64ACBD-2BC6-422B-8B2F-C9A275DB6908}.Debug|Any CPU.ActiveCfg = Debug|Any CPU
		{2E64ACBD-2BC6-422B-8B2F-C9A275DB6908}.Debug|Any CPU.Build.0 = Debug|Any CPU
		{2E64ACBD-2BC6-422B-8B2F-C9A275DB6908}.Release|Any CPU.ActiveCfg = Release|Any CPU
		{2E64ACBD-2BC6-422B-8B2F-C9A275DB6908}.Release|Any CPU.Build.0 = Release|Any CPU
	EndGlobalSection
	GlobalSection(SolutionProperties) = preSolution
		HideSolutionNode = FALSE
	EndGlobalSection
	GlobalSection(ExtensibilityGlobals) = postSolution
		SolutionGuid = {27E03CAE-A4B7-47E2-99D8-A727BF183BCA}
	EndGlobalSection
EndGlobal
